
Microsoft Visual Studio Solution File, Format Version 12.00
# Visual Studio Version 17
VisualStudioVersion = 17.9.34723.18
MinimumVisualStudioVersion = 10.0.40219.1
Project("{FAE04EC0-301F-11D3-BF4B-00C04F79EFBC}") = "MatchingApp", "MatchingApp\MatchingApp.csproj", "{3BD5C38D-9FAB-4C86-A600-AF6968F6CEBA}"
EndProject
Global
	GlobalSection(SolutionConfigurationPlatforms) = preSolution
		Debug|Any CPU = Debug|Any CPU
		Release|Any CPU = Release|Any CPU
	EndGlobalSection
	GlobalSection(ProjectConfigurationPlatforms) = postSolution
		{3BD5C38D-9FAB-4C86-A600-AF6968F6CEBA}.Debug|Any CPU.ActiveCfg = Debug|Any CPU
		{3BD5C38D-9FAB-4C86-A600-AF6968F6CEBA}.Debug|Any CPU.Build.0 = Debug|Any CPU
		{3BD5C38D-9FAB-4C86-A600-AF6968F6CEBA}.Release|Any CPU.ActiveCfg = Release|Any CPU
		{3BD5C38D-9FAB-4C86-A600-AF6968F6CEBA}.Release|Any CPU.Build.0 = Release|Any CPU
	EndGlobalSection
	GlobalSection(SolutionProperties) = preSolution
		HideSolutionNode = FALSE
	EndGlobalSection
	GlobalSection(ExtensibilityGlobals) = postSolution
		SolutionGuid = {D5C0D281-A035-4200-A6C3-67879B5D96D5}
	EndGlobalSection
EndGlobal
